
Microsoft Visual Studio Solution File, Format Version 12.00
# Visual Studio Version 16
VisualStudioVersion = 16.0.30225.117
MinimumVisualStudioVersion = 10.0.40219.1
Project("{FAE04EC0-301F-11D3-BF4B-00C04F79EFBC}") = "Algoritmo1", "Algoritmo1\Algoritmo1.csproj", "{D7B1774D-4C9E-4599-8289-85DACABC1EFD}"
EndProject
Global
	GlobalSection(SolutionConfigurationPlatforms) = preSolution
		Debug|Any CPU = Debug|Any CPU
		Release|Any CPU = Release|Any CPU
	EndGlobalSection
	GlobalSection(ProjectConfigurationPlatforms) = postSolution
		{D7B1774D-4C9E-4599-8289-85DACABC1EFD}.Debug|Any CPU.ActiveCfg = Debug|Any CPU
		{D7B1774D-4C9E-4599-8289-85DACABC1EFD}.Debug|Any CPU.Build.0 = Debug|Any CPU
		{D7B1774D-4C9E-4599-8289-85DACABC1EFD}.Release|Any CPU.ActiveCfg = Release|Any CPU
		{D7B1774D-4C9E-4599-8289-85DACABC1EFD}.Release|Any CPU.Build.0 = Release|Any CPU
	EndGlobalSection
	GlobalSection(SolutionProperties) = preSolution
		HideSolutionNode = FALSE
	EndGlobalSection
	GlobalSection(ExtensibilityGlobals) = postSolution
		SolutionGuid = {1590DF9F-CD59-4FBF-8669-BC0BDC8AE027}
	EndGlobalSection
EndGlobal
